
Microsoft Visual Studio Solution File, Format Version 12.00
# Visual Studio 14
VisualStudioVersion = 14.0.23107.0
MinimumVisualStudioVersion = 10.0.40219.1
Project("{FAE04EC0-301F-11D3-BF4B-00C04F79EFBC}") = "autoApproval", "autoApproval\autoApproval.csproj", "{4E5CCAD4-7023-47D6-B11C-B1A558FA7386}"
EndProject
Project("{FAE04EC0-301F-11D3-BF4B-00C04F79EFBC}") = "autoApprovalLocal", "autoApprovalLocal\autoApprovalLocal.csproj", "{4AAB6A76-A565-457E-AA6D-5381C0BA238F}"
EndProject
Project("{FAE04EC0-301F-11D3-BF4B-00C04F79EFBC}") = "verifyTest", "verifyTest\verifyTest.csproj", "{617E6870-A26C-4676-A8C6-5D396D037701}"
EndProject
Project("{FAE04EC0-301F-11D3-BF4B-00C04F79EFBC}") = "verifyForm", "verifyForm\verifyForm.csproj", "{0A7A2A6E-F0C7-409A-8056-6D645E6898E8}"
EndProject
Global
	GlobalSection(SolutionConfigurationPlatforms) = preSolution
		Debug|Any CPU = Debug|Any CPU
		Release|Any CPU = Release|Any CPU
	EndGlobalSection
	GlobalSection(ProjectConfigurationPlatforms) = postSolution
		{4E5CCAD4-7023-47D6-B11C-B1A558FA7386}.Debug|Any CPU.ActiveCfg = Debug|Any CPU
		{4E5CCAD4-7023-47D6-B11C-B1A558FA7386}.Debug|Any CPU.Build.0 = Debug|Any CPU
		{4E5CCAD4-7023-47D6-B11C-B1A558FA7386}.Release|Any CPU.ActiveCfg = Release|Any CPU
		{4E5CCAD4-7023-47D6-B11C-B1A558FA7386}.Release|Any CPU.Build.0 = Release|Any CPU
		{4AAB6A76-A565-457E-AA6D-5381C0BA238F}.Debug|Any CPU.ActiveCfg = Debug|Any CPU
		{4AAB6A76-A565-457E-AA6D-5381C0BA238F}.Debug|Any CPU.Build.0 = Debug|Any CPU
		{4AAB6A76-A565-457E-AA6D-5381C0BA238F}.Release|Any CPU.ActiveCfg = Release|Any CPU
		{4AAB6A76-A565-457E-AA6D-5381C0BA238F}.Release|Any CPU.Build.0 = Release|Any CPU
		{617E6870-A26C-4676-A8C6-5D396D037701}.Debug|Any CPU.ActiveCfg = Debug|Any CPU
		{617E6870-A26C-4676-A8C6-5D396D037701}.Debug|Any CPU.Build.0 = Debug|Any CPU
		{617E6870-A26C-4676-A8C6-5D396D037701}.Release|Any CPU.ActiveCfg = Release|Any CPU
		{617E6870-A26C-4676-A8C6-5D396D037701}.Release|Any CPU.Build.0 = Release|Any CPU
		{0A7A2A6E-F0C7-409A-8056-6D645E6898E8}.Debug|Any CPU.ActiveCfg = Debug|Any CPU
		{0A7A2A6E-F0C7-409A-8056-6D645E6898E8}.Debug|Any CPU.Build.0 = Debug|Any CPU
		{0A7A2A6E-F0C7-409A-8056-6D645E6898E8}.Release|Any CPU.ActiveCfg = Release|Any CPU
		{0A7A2A6E-F0C7-409A-8056-6D645E6898E8}.Release|Any CPU.Build.0 = Release|Any CPU
	EndGlobalSection
	GlobalSection(SolutionProperties) = preSolution
		HideSolutionNode = FALSE
	EndGlobalSection
EndGlobal
